{
    "version": 3,
    "terraform_version": "0.11.1",
    "serial": 22,
    "lineage": "0cafb1b9-72dc-4c6b-9e40-876ac7f9a270",
    "modules": [
        {
            "path": [
                "root"
            ],
            "outputs": {},
            "resources": {
                "aws_internet_gateway.gw": {
                    "type": "aws_internet_gateway",
                    "depends_on": [
                        "aws_vpc.jenkins"
                    ],
                    "primary": {
                        "id": "igw-c4da0ea3",
                        "attributes": {
                            "id": "igw-c4da0ea3",
                            "tags.%": "1",
                            "tags.Name": "jenkins",
                            "vpc_id": "vpc-833629e4"
                        },
                        "meta": {},
                        "tainted": false
                    },
                    "deposed": [],
                    "provider": "provider.aws"
                },
                "aws_route53_record.jenkins-ns": {
                    "type": "aws_route53_record",
                    "depends_on": [
                        "aws_instance.jenkins",
                        "data.terraform_remote_state.aws-core"
                    ],
                    "primary": {
                        "id": "Z68PK3Y5135WK_jenkins.curleighbraces.com_A",
                        "attributes": {
                            "fqdn": "jenkins.curleighbraces.com",
                            "health_check_id": "",
                            "id": "Z68PK3Y5135WK_jenkins.curleighbraces.com_A",
                            "name": "jenkins.curleighbraces.com",
                            "records.#": "1",
                            "records.4293735348": "52.31.113.130",
                            "set_identifier": "",
                            "ttl": "30",
                            "type": "A",
                            "zone_id": "Z68PK3Y5135WK"
                        },
                        "meta": {
                            "schema_version": "2"
                        },
                        "tainted": false
                    },
                    "deposed": [],
                    "provider": "provider.aws"
                },
                "aws_route_table.r": {
                    "type": "aws_route_table",
                    "depends_on": [
                        "aws_internet_gateway.gw",
                        "aws_vpc.jenkins"
                    ],
                    "primary": {
                        "id": "rtb-67d38c01",
                        "attributes": {
                            "id": "rtb-67d38c01",
                            "propagating_vgws.#": "0",
                            "route.#": "1",
                            "route.3970846263.cidr_block": "0.0.0.0/0",
                            "route.3970846263.egress_only_gateway_id": "",
                            "route.3970846263.gateway_id": "igw-c4da0ea3",
                            "route.3970846263.instance_id": "",
                            "route.3970846263.ipv6_cidr_block": "",
                            "route.3970846263.nat_gateway_id": "",
                            "route.3970846263.network_interface_id": "",
                            "route.3970846263.vpc_peering_connection_id": "",
                            "tags.%": "0",
                            "vpc_id": "vpc-833629e4"
                        },
                        "meta": {},
                        "tainted": false
                    },
                    "deposed": [],
                    "provider": "provider.aws"
                },
                "aws_security_group.web": {
                    "type": "aws_security_group",
                    "depends_on": [
                        "aws_vpc.jenkins"
                    ],
                    "primary": {
                        "id": "sg-b399d3c8",
                        "attributes": {
                            "description": "Allow incoming HTTP connections.",
                            "egress.#": "1",
                            "egress.2411239985.cidr_blocks.#": "1",
                            "egress.2411239985.cidr_blocks.0": "0.0.0.0/0",
                            "egress.2411239985.description": "",
                            "egress.2411239985.from_port": "0",
                            "egress.2411239985.ipv6_cidr_blocks.#": "1",
                            "egress.2411239985.ipv6_cidr_blocks.0": "::/0",
                            "egress.2411239985.prefix_list_ids.#": "0",
                            "egress.2411239985.protocol": "tcp",
                            "egress.2411239985.security_groups.#": "0",
                            "egress.2411239985.self": "false",
                            "egress.2411239985.to_port": "65535",
                            "id": "sg-b399d3c8",
                            "ingress.#": "4",
                            "ingress.1799340084.cidr_blocks.#": "1",
                            "ingress.1799340084.cidr_blocks.0": "0.0.0.0/0",
                            "ingress.1799340084.description": "",
                            "ingress.1799340084.from_port": "-1",
                            "ingress.1799340084.ipv6_cidr_blocks.#": "0",
                            "ingress.1799340084.protocol": "icmp",
                            "ingress.1799340084.security_groups.#": "0",
                            "ingress.1799340084.self": "false",
                            "ingress.1799340084.to_port": "-1",
                            "ingress.2214680975.cidr_blocks.#": "1",
                            "ingress.2214680975.cidr_blocks.0": "0.0.0.0/0",
                            "ingress.2214680975.description": "",
                            "ingress.2214680975.from_port": "80",
                            "ingress.2214680975.ipv6_cidr_blocks.#": "0",
                            "ingress.2214680975.protocol": "tcp",
                            "ingress.2214680975.security_groups.#": "0",
                            "ingress.2214680975.self": "false",
                            "ingress.2214680975.to_port": "80",
                            "ingress.2541437006.cidr_blocks.#": "1",
                            "ingress.2541437006.cidr_blocks.0": "0.0.0.0/0",
                            "ingress.2541437006.description": "",
                            "ingress.2541437006.from_port": "22",
                            "ingress.2541437006.ipv6_cidr_blocks.#": "0",
                            "ingress.2541437006.protocol": "tcp",
                            "ingress.2541437006.security_groups.#": "0",
                            "ingress.2541437006.self": "false",
                            "ingress.2541437006.to_port": "22",
                            "ingress.2617001939.cidr_blocks.#": "1",
                            "ingress.2617001939.cidr_blocks.0": "0.0.0.0/0",
                            "ingress.2617001939.description": "",
                            "ingress.2617001939.from_port": "443",
                            "ingress.2617001939.ipv6_cidr_blocks.#": "0",
                            "ingress.2617001939.protocol": "tcp",
                            "ingress.2617001939.security_groups.#": "0",
                            "ingress.2617001939.self": "false",
                            "ingress.2617001939.to_port": "443",
                            "name": "vpc_web",
                            "owner_id": "396179412706",
                            "revoke_rules_on_delete": "false",
                            "tags.%": "0",
                            "vpc_id": "vpc-833629e4"
                        },
                        "meta": {
                            "schema_version": "1"
                        },
                        "tainted": false
                    },
                    "deposed": [],
                    "provider": "provider.aws"
                },
                "aws_subnet.public": {
                    "type": "aws_subnet",
                    "depends_on": [
                        "aws_vpc.jenkins"
                    ],
                    "primary": {
                        "id": "subnet-f6e9ed91",
                        "attributes": {
                            "assign_ipv6_address_on_creation": "false",
                            "availability_zone": "eu-west-1a",
                            "cidr_block": "10.0.1.0/24",
                            "id": "subnet-f6e9ed91",
                            "map_public_ip_on_launch": "true",
                            "tags.%": "1",
                            "tags.Name": "Public",
                            "vpc_id": "vpc-833629e4"
                        },
                        "meta": {
                            "schema_version": "1"
                        },
                        "tainted": false
                    },
                    "deposed": [],
                    "provider": "provider.aws"
                },
                "aws_vpc.jenkins": {
                    "type": "aws_vpc",
                    "depends_on": [],
                    "primary": {
                        "id": "vpc-833629e4",
                        "attributes": {
                            "assign_generated_ipv6_cidr_block": "false",
                            "cidr_block": "10.0.0.0/16",
                            "default_network_acl_id": "acl-5ade5a3c",
                            "default_route_table_id": "rtb-bda7f8db",
                            "default_security_group_id": "sg-718ec40a",
                            "dhcp_options_id": "dopt-7968131e",
                            "enable_classiclink": "false",
                            "enable_classiclink_dns_support": "false",
                            "enable_dns_hostnames": "false",
                            "enable_dns_support": "true",
                            "id": "vpc-833629e4",
                            "instance_tenancy": "default",
                            "main_route_table_id": "rtb-bda7f8db",
                            "tags.%": "1",
                            "tags.Name": "Jenkins"
                        },
                        "meta": {
                            "schema_version": "1"
                        },
                        "tainted": false
                    },
                    "deposed": [],
                    "provider": "provider.aws"
                },
                "data.aws_ami.jenkins": {
                    "type": "aws_ami",
                    "depends_on": [],
                    "primary": {
                        "id": "ami-1c2fbd65",
                        "attributes": {
                            "architecture": "x86_64",
                            "block_device_mappings.#": "5",
                            "block_device_mappings.1634610537.device_name": "/dev/sdb",
                            "block_device_mappings.1634610537.ebs.%": "0",
                            "block_device_mappings.1634610537.no_device": "",
                            "block_device_mappings.1634610537.virtual_name": "ephemeral0",
                            "block_device_mappings.2878997597.device_name": "/dev/sdd",
                            "block_device_mappings.2878997597.ebs.%": "0",
                            "block_device_mappings.2878997597.no_device": "",
                            "block_device_mappings.2878997597.virtual_name": "ephemeral2",
                            "block_device_mappings.3850042718.device_name": "/dev/sdc",
                            "block_device_mappings.3850042718.ebs.%": "0",
                            "block_device_mappings.3850042718.no_device": "",
                            "block_device_mappings.3850042718.virtual_name": "ephemeral1",
                            "block_device_mappings.667778264.device_name": "/dev/sda",
                            "block_device_mappings.667778264.ebs.%": "6",
                            "block_device_mappings.667778264.ebs.delete_on_termination": "true",
                            "block_device_mappings.667778264.ebs.encrypted": "false",
                            "block_device_mappings.667778264.ebs.iops": "0",
                            "block_device_mappings.667778264.ebs.snapshot_id": "snap-090f606ceb789395f",
                            "block_device_mappings.667778264.ebs.volume_size": "10",
                            "block_device_mappings.667778264.ebs.volume_type": "gp2",
                            "block_device_mappings.667778264.no_device": "",
                            "block_device_mappings.667778264.virtual_name": "",
                            "block_device_mappings.797889642.device_name": "/dev/sde",
                            "block_device_mappings.797889642.ebs.%": "0",
                            "block_device_mappings.797889642.no_device": "",
                            "block_device_mappings.797889642.virtual_name": "ephemeral3",
                            "creation_date": "2018-01-11T17:52:34.000Z",
                            "description": "https://bitnami.com",
                            "filter.#": "1",
                            "filter.350173708.name": "name",
                            "filter.350173708.values.#": "1",
                            "filter.350173708.values.0": "bitnami-jenkins-*",
                            "hypervisor": "xen",
                            "id": "ami-1c2fbd65",
                            "image_id": "ami-1c2fbd65",
                            "image_location": "979382823631/bitnami-jenkins-2.89.2-0-r03-linux-debian-8-x86_64-ebs",
                            "image_type": "machine",
                            "kernel_id": "aki-52a34525",
                            "most_recent": "true",
                            "name": "bitnami-jenkins-2.89.2-0-r03-linux-debian-8-x86_64-ebs",
                            "owner_id": "979382823631",
                            "owners.#": "1",
                            "owners.0": "979382823631",
                            "product_codes.#": "0",
                            "public": "true",
                            "root_device_name": "/dev/sda",
                            "root_device_type": "ebs",
                            "root_snapshot_id": "snap-090f606ceb789395f",
                            "state": "available",
                            "state_reason.%": "2",
                            "state_reason.code": "UNSET",
                            "state_reason.message": "UNSET",
                            "tags.%": "0",
                            "virtualization_type": "paravirtual"
                        },
                        "meta": {},
                        "tainted": false
                    },
                    "deposed": [],
                    "provider": "provider.aws"
                },
                "data.template_file.groovy-manage-plugins": {
                    "type": "template_file",
                    "depends_on": [],
                    "primary": {
                        "id": "fdb45053e26222b56e671244175dfe7d82cb084ea3e4456644f1161451753d36",
                        "attributes": {
                            "id": "fdb45053e26222b56e671244175dfe7d82cb084ea3e4456644f1161451753d36",
                            "rendered": "#!groovy\n\nimport jenkins.model.*\nimport java.util.logging.Logger\n\n\ndef logger = Logger.getLogger(\"\")\ndef installed = false\ndef initialized = false\n\ndef pluginParameter=\"blueocean\"\ndef plugins = pluginParameter.split()\nlogger.info(\"\" + plugins)\ndef instance = Jenkins.getInstance()\ndef pm = instance.getPluginManager()\ndef uc = instance.getUpdateCenter()\nuc.updateAllSites()\n\nplugins.each {\n    logger.info(\"Checking \" + it)\n    if (!pm.getPlugin(it)) {\n        logger.info(\"Looking UpdateCenter for \" + it)\n        if (!initialized) {\n            uc.updateAllSites()\n            initialized = true\n        }\n        def plugin = uc.getPlugin(it)\n        if (plugin) {\n            logger.info(\"Installing \" + it)\n            plugin.deploy()\n            installed = true\n        }\n    }\n}\n\nif (installed) {\n    logger.info(\"Plugins installed, initializing a restart!\")\n    instance.save()\n    instance.doSafeRestart()\n}",
                            "template": "#!groovy\n\nimport jenkins.model.*\nimport java.util.logging.Logger\n\n\ndef logger = Logger.getLogger(\"\")\ndef installed = false\ndef initialized = false\n\ndef pluginParameter=\"blueocean\"\ndef plugins = pluginParameter.split()\nlogger.info(\"\" + plugins)\ndef instance = Jenkins.getInstance()\ndef pm = instance.getPluginManager()\ndef uc = instance.getUpdateCenter()\nuc.updateAllSites()\n\nplugins.each {\n    logger.info(\"Checking \" + it)\n    if (!pm.getPlugin(it)) {\n        logger.info(\"Looking UpdateCenter for \" + it)\n        if (!initialized) {\n            uc.updateAllSites()\n            initialized = true\n        }\n        def plugin = uc.getPlugin(it)\n        if (plugin) {\n            logger.info(\"Installing \" + it)\n            plugin.deploy()\n            installed = true\n        }\n    }\n}\n\nif (installed) {\n    logger.info(\"Plugins installed, initializing a restart!\")\n    instance.save()\n    instance.doSafeRestart()\n}"
                        },
                        "meta": {},
                        "tainted": false
                    },
                    "deposed": [],
                    "provider": "provider.template"
                },
                "data.template_file.jenkins-bootstrap": {
                    "type": "template_file",
                    "depends_on": [
                        "data.template_file.groovy-manage-plugins",
                        "local.jenkins_home"
                    ],
                    "primary": {
                        "id": "059d50a43ba5caecab0c406f35b3f5733a489d52ba373d5eca7d3e74d6155fc3",
                        "attributes": {
                            "id": "059d50a43ba5caecab0c406f35b3f5733a489d52ba373d5eca7d3e74d6155fc3",
                            "rendered": "#!/bin/bash\nsudo mkdir /opt/bitnami/apps/jenkins/jenkins_home/init.groovy.d/\nsudo chown bitnami:bitnami /opt/bitnami/apps/jenkins/jenkins_home/init.groovy.d/\nsudo tee /opt/bitnami/apps/jenkins/jenkins_home/init.groovy.d/managePlugins.groovy \u003c\u003cEOF\n#!groovy\n\nimport jenkins.model.*\nimport java.util.logging.Logger\n\n\ndef logger = Logger.getLogger(\"\")\ndef installed = false\ndef initialized = false\n\ndef pluginParameter=\"blueocean\"\ndef plugins = pluginParameter.split()\nlogger.info(\"\" + plugins)\ndef instance = Jenkins.getInstance()\ndef pm = instance.getPluginManager()\ndef uc = instance.getUpdateCenter()\nuc.updateAllSites()\n\nplugins.each {\n    logger.info(\"Checking \" + it)\n    if (!pm.getPlugin(it)) {\n        logger.info(\"Looking UpdateCenter for \" + it)\n        if (!initialized) {\n            uc.updateAllSites()\n            initialized = true\n        }\n        def plugin = uc.getPlugin(it)\n        if (plugin) {\n            logger.info(\"Installing \" + it)\n            plugin.deploy()\n            installed = true\n        }\n    }\n}\n\nif (installed) {\n    logger.info(\"Plugins installed, initializing a restart!\")\n    instance.save()\n    instance.doSafeRestart()\n}\nEOF\nsudo chown tomcat:tomcat /opt/bitnami/apps/jenkins/jenkins_home/init.groovy.d/",
                            "template": "#!/bin/bash\nsudo mkdir ${jenkins_home}init.groovy.d/\nsudo chown bitnami:bitnami ${jenkins_home}init.groovy.d/\nsudo tee ${jenkins_home}init.groovy.d/managePlugins.groovy \u003c\u003cEOF\n${groovy_manage_plugins}\nEOF\nsudo chown tomcat:tomcat ${jenkins_home}init.groovy.d/",
                            "vars.%": "2",
                            "vars.groovy_manage_plugins": "#!groovy\n\nimport jenkins.model.*\nimport java.util.logging.Logger\n\n\ndef logger = Logger.getLogger(\"\")\ndef installed = false\ndef initialized = false\n\ndef pluginParameter=\"blueocean\"\ndef plugins = pluginParameter.split()\nlogger.info(\"\" + plugins)\ndef instance = Jenkins.getInstance()\ndef pm = instance.getPluginManager()\ndef uc = instance.getUpdateCenter()\nuc.updateAllSites()\n\nplugins.each {\n    logger.info(\"Checking \" + it)\n    if (!pm.getPlugin(it)) {\n        logger.info(\"Looking UpdateCenter for \" + it)\n        if (!initialized) {\n            uc.updateAllSites()\n            initialized = true\n        }\n        def plugin = uc.getPlugin(it)\n        if (plugin) {\n            logger.info(\"Installing \" + it)\n            plugin.deploy()\n            installed = true\n        }\n    }\n}\n\nif (installed) {\n    logger.info(\"Plugins installed, initializing a restart!\")\n    instance.save()\n    instance.doSafeRestart()\n}",
                            "vars.jenkins_home": "/opt/bitnami/apps/jenkins/jenkins_home/"
                        },
                        "meta": {},
                        "tainted": false
                    },
                    "deposed": [],
                    "provider": "provider.template"
                },
                "data.terraform_remote_state.aws-core": {
                    "type": "terraform_remote_state",
                    "depends_on": [],
                    "primary": {
                        "id": "2018-01-12 19:10:39.27334309 +0000 UTC",
                        "attributes": {
                            "backend": "s3",
                            "config.%": "3",
                            "config.bucket": "aws-core",
                            "config.key": "aws-core",
                            "config.region": "eu-west-1",
                            "core_name_servers.#": "4",
                            "core_name_servers.0": "ns-1326.awsdns-37.org",
                            "core_name_servers.1": "ns-1872.awsdns-42.co.uk",
                            "core_name_servers.2": "ns-460.awsdns-57.com",
                            "core_name_servers.3": "ns-671.awsdns-19.net",
                            "core_zone_id": "Z68PK3Y5135WK",
                            "environment": "default",
                            "id": "2018-01-12 19:10:39.27334309 +0000 UTC"
                        },
                        "meta": {},
                        "tainted": false
                    },
                    "deposed": [],
                    "provider": "provider.terraform"
                }
            },
            "depends_on": []
        }
    ]
}
